
Microsoft Visual Studio Solution File, Format Version 12.00
# Visual Studio 15
VisualStudioVersion = 15.0.28307.2017
MinimumVisualStudioVersion = 10.0.40219.1
Project("{F184B08F-C81C-45F6-A57F-5ABD9991F28F}") = "dxCookBook", "dxCookBook\dxCookBook.vbproj", "{B93BA5E7-90DC-4C41-83D3-E7BF079B74B5}"
EndProject
Project("{FAE04EC0-301F-11D3-BF4B-00C04F79EFBC}") = "sslDataTextBox", "sslDataTextBox\sslDataTextBox.csproj", "{CABDCBB5-0874-4539-81A2-8E74F777E4ED}"
EndProject
Project("{F184B08F-C81C-45F6-A57F-5ABD9991F28F}") = "sslDataGrid", "sslDataGrid\sslDataGrid.vbproj", "{F48F8A8B-9D08-4CD4-90F0-4ED559F3EE31}"
EndProject
Global
	GlobalSection(SolutionConfigurationPlatforms) = preSolution
		Debug|Any CPU = Debug|Any CPU
		Release|Any CPU = Release|Any CPU
	EndGlobalSection
	GlobalSection(ProjectConfigurationPlatforms) = postSolution
		{B93BA5E7-90DC-4C41-83D3-E7BF079B74B5}.Debug|Any CPU.ActiveCfg = Debug|Any CPU
		{B93BA5E7-90DC-4C41-83D3-E7BF079B74B5}.Debug|Any CPU.Build.0 = Debug|Any CPU
		{B93BA5E7-90DC-4C41-83D3-E7BF079B74B5}.Release|Any CPU.ActiveCfg = Release|Any CPU
		{B93BA5E7-90DC-4C41-83D3-E7BF079B74B5}.Release|Any CPU.Build.0 = Release|Any CPU
		{CABDCBB5-0874-4539-81A2-8E74F777E4ED}.Debug|Any CPU.ActiveCfg = Debug|Any CPU
		{CABDCBB5-0874-4539-81A2-8E74F777E4ED}.Debug|Any CPU.Build.0 = Debug|Any CPU
		{CABDCBB5-0874-4539-81A2-8E74F777E4ED}.Release|Any CPU.ActiveCfg = Release|Any CPU
		{CABDCBB5-0874-4539-81A2-8E74F777E4ED}.Release|Any CPU.Build.0 = Release|Any CPU
		{F48F8A8B-9D08-4CD4-90F0-4ED559F3EE31}.Debug|Any CPU.ActiveCfg = Debug|Any CPU
		{F48F8A8B-9D08-4CD4-90F0-4ED559F3EE31}.Debug|Any CPU.Build.0 = Debug|Any CPU
		{F48F8A8B-9D08-4CD4-90F0-4ED559F3EE31}.Release|Any CPU.ActiveCfg = Release|Any CPU
		{F48F8A8B-9D08-4CD4-90F0-4ED559F3EE31}.Release|Any CPU.Build.0 = Release|Any CPU
	EndGlobalSection
	GlobalSection(SolutionProperties) = preSolution
		HideSolutionNode = FALSE
	EndGlobalSection
	GlobalSection(ExtensibilityGlobals) = postSolution
		SolutionGuid = {D9527A78-96A1-47CB-9F42-49E84EEC1863}
	EndGlobalSection
EndGlobal
